
Microsoft Visual Studio Solution File, Format Version 12.00
# Visual Studio 14
VisualStudioVersion = 14.0.25420.1
MinimumVisualStudioVersion = 10.0.40219.1
Project("{151D2E53-A2C4-4D7D-83FE-D05416EBD58E}") = "MoodleAzure_Cloud01_Bulid2 -WP", "MoodleAzure_Cloud01_Bulid2 -WP.deployproj", "{02FF23EE-F275-40B8-9956-C03ED353E777}"
EndProject
Global
	GlobalSection(SolutionConfigurationPlatforms) = preSolution
		Debug|Any CPU = Debug|Any CPU
		Release|Any CPU = Release|Any CPU
	EndGlobalSection
	GlobalSection(ProjectConfigurationPlatforms) = postSolution
		{02FF23EE-F275-40B8-9956-C03ED353E777}.Debug|Any CPU.ActiveCfg = Debug|Any CPU
		{02FF23EE-F275-40B8-9956-C03ED353E777}.Debug|Any CPU.Build.0 = Debug|Any CPU
		{02FF23EE-F275-40B8-9956-C03ED353E777}.Release|Any CPU.ActiveCfg = Release|Any CPU
		{02FF23EE-F275-40B8-9956-C03ED353E777}.Release|Any CPU.Build.0 = Release|Any CPU
	EndGlobalSection
	GlobalSection(SolutionProperties) = preSolution
		HideSolutionNode = FALSE
	EndGlobalSection
EndGlobal
